
Microsoft Visual Studio Solution File, Format Version 12.00
# Visual Studio Version 16
VisualStudioVersion = 16.0.31321.278
MinimumVisualStudioVersion = 10.0.40219.1
Project("{FAE04EC0-301F-11D3-BF4B-00C04F79EFBC}") = "NeosQuickSetupTools", "NeosQuickSetupTools.csproj", "{2A6363C2-51D2-47A3-9D3A-877693BF94C6}"
EndProject
Global
	GlobalSection(SolutionConfigurationPlatforms) = preSolution
		Debug|Any CPU = Debug|Any CPU
		Release|Any CPU = Release|Any CPU
	EndGlobalSection
	GlobalSection(ProjectConfigurationPlatforms) = postSolution
		{2A6363C2-51D2-47A3-9D3A-877693BF94C6}.Debug|Any CPU.ActiveCfg = Debug|Any CPU
		{2A6363C2-51D2-47A3-9D3A-877693BF94C6}.Debug|Any CPU.Build.0 = Debug|Any CPU
		{2A6363C2-51D2-47A3-9D3A-877693BF94C6}.Release|Any CPU.ActiveCfg = Release|Any CPU
		{2A6363C2-51D2-47A3-9D3A-877693BF94C6}.Release|Any CPU.Build.0 = Release|Any CPU
	EndGlobalSection
	GlobalSection(SolutionProperties) = preSolution
		HideSolutionNode = FALSE
	EndGlobalSection
	GlobalSection(ExtensibilityGlobals) = postSolution
		SolutionGuid = {E15D0BB7-79C1-4152-A18A-6E4CA776D952}
	EndGlobalSection
EndGlobal
